
Microsoft Visual Studio Solution File, Format Version 12.00
# Visual Studio 15
VisualStudioVersion = 15.0.27703.2042
MinimumVisualStudioVersion = 10.0.40219.1
Project("{FAE04EC0-301F-11D3-BF4B-00C04F79EFBC}") = "ACM.BL", "ACM.BL\ACM.BL.csproj", "{F374C3F7-9208-4CFD-93E3-FB41B2E9696D}"
EndProject
Project("{2150E333-8FDC-42A3-9474-1A3956D46DE8}") = "Tests", "Tests", "{EC026183-C14E-458A-AA27-B3E09D678D04}"
EndProject
Project("{FAE04EC0-301F-11D3-BF4B-00C04F79EFBC}") = "ACM.BLTest", "ACM.BLTest\ACM.BLTest.csproj", "{554D73DB-1EE1-49F3-BCED-F80AA1350BBC}"
EndProject
Project("{2150E333-8FDC-42A3-9474-1A3956D46DE8}") = "Solution Items", "Solution Items", "{D7699F94-D3A5-4D1B-8C8A-FB6881E7B29F}"
EndProject
Global
	GlobalSection(SolutionConfigurationPlatforms) = preSolution
		Debug|Any CPU = Debug|Any CPU
		Release|Any CPU = Release|Any CPU
	EndGlobalSection
	GlobalSection(ProjectConfigurationPlatforms) = postSolution
		{F374C3F7-9208-4CFD-93E3-FB41B2E9696D}.Debug|Any CPU.ActiveCfg = Debug|Any CPU
		{F374C3F7-9208-4CFD-93E3-FB41B2E9696D}.Debug|Any CPU.Build.0 = Debug|Any CPU
		{F374C3F7-9208-4CFD-93E3-FB41B2E9696D}.Release|Any CPU.ActiveCfg = Release|Any CPU
		{F374C3F7-9208-4CFD-93E3-FB41B2E9696D}.Release|Any CPU.Build.0 = Release|Any CPU
		{554D73DB-1EE1-49F3-BCED-F80AA1350BBC}.Debug|Any CPU.ActiveCfg = Debug|Any CPU
		{554D73DB-1EE1-49F3-BCED-F80AA1350BBC}.Debug|Any CPU.Build.0 = Debug|Any CPU
		{554D73DB-1EE1-49F3-BCED-F80AA1350BBC}.Release|Any CPU.ActiveCfg = Release|Any CPU
		{554D73DB-1EE1-49F3-BCED-F80AA1350BBC}.Release|Any CPU.Build.0 = Release|Any CPU
	EndGlobalSection
	GlobalSection(SolutionProperties) = preSolution
		HideSolutionNode = FALSE
	EndGlobalSection
	GlobalSection(NestedProjects) = preSolution
		{554D73DB-1EE1-49F3-BCED-F80AA1350BBC} = {EC026183-C14E-458A-AA27-B3E09D678D04}
	EndGlobalSection
	GlobalSection(ExtensibilityGlobals) = postSolution
		SolutionGuid = {948C60FB-ACAB-431A-9B44-872727E35776}
	EndGlobalSection
EndGlobal
